
Microsoft Visual Studio Solution File, Format Version 12.00
Project("{FAE04EC0-301F-11D3-BF4B-00C04F79EFBC}") = "DaluxFileUpload", "DaluxFileUpload\DaluxFileUpload.csproj", "{D4595EEC-6C3C-417B-ABFC-18AA331D975A}"
EndProject
Project("{FAE04EC0-301F-11D3-BF4B-00C04F79EFBC}") = "DaluxApi", "DaluxApi\DaluxApi.csproj", "{5E367E25-6B2E-40F4-AB8E-F4547676EFE0}"
EndProject
Global
	GlobalSection(SolutionConfigurationPlatforms) = preSolution
		Debug|Any CPU = Debug|Any CPU
		Release|Any CPU = Release|Any CPU
	EndGlobalSection
	GlobalSection(ProjectConfigurationPlatforms) = postSolution
		{D4595EEC-6C3C-417B-ABFC-18AA331D975A}.Debug|Any CPU.ActiveCfg = Debug|Any CPU
		{D4595EEC-6C3C-417B-ABFC-18AA331D975A}.Debug|Any CPU.Build.0 = Debug|Any CPU
		{D4595EEC-6C3C-417B-ABFC-18AA331D975A}.Release|Any CPU.ActiveCfg = Release|Any CPU
		{D4595EEC-6C3C-417B-ABFC-18AA331D975A}.Release|Any CPU.Build.0 = Release|Any CPU
		{5E367E25-6B2E-40F4-AB8E-F4547676EFE0}.Debug|Any CPU.ActiveCfg = Debug|Any CPU
		{5E367E25-6B2E-40F4-AB8E-F4547676EFE0}.Debug|Any CPU.Build.0 = Debug|Any CPU
		{5E367E25-6B2E-40F4-AB8E-F4547676EFE0}.Release|Any CPU.ActiveCfg = Release|Any CPU
		{5E367E25-6B2E-40F4-AB8E-F4547676EFE0}.Release|Any CPU.Build.0 = Release|Any CPU
	EndGlobalSection
EndGlobal
